// !$*UTF8*$!
{
	archiveVersion = 1;
	classes = {
	};
	objectVersion = 56;
	objects = {

/* Begin PBXBuildFile section */
		CE1C2EBF2BDE751800D49105 /* Marker.json in Resources */ = {isa = PBXBuildFile; fileRef = CE1C2EBE2BDE751800D49105 /* Marker.json */; };
		CE1C2EC52BDF23DC00D49105 /* AssetsDataDTO.swift in Sources */ = {isa = PBXBuildFile; fileRef = CE1C2EC42BDF23DC00D49105 /* AssetsDataDTO.swift */; };
		CE3801D72BDF33C9005F1F83 /* AssetDataGroup.swift in Sources */ = {isa = PBXBuildFile; fileRef = CE3801D62BDF33C9005F1F83 /* AssetDataGroup.swift */; };
		CE3801DB2BDFB34C005F1F83 /* SCNNode+.swift in Sources */ = {isa = PBXBuildFile; fileRef = CE3801DA2BDFB34C005F1F83 /* SCNNode+.swift */; };
		CEA5ADD22BD7902600B55013 /* AppDelegate.swift in Sources */ = {isa = PBXBuildFile; fileRef = CEA5ADD12BD7902600B55013 /* AppDelegate.swift */; };
		CEA5ADD62BD7902600B55013 /* ViewController.swift in Sources */ = {isa = PBXBuildFile; fileRef = CEA5ADD52BD7902600B55013 /* ViewController.swift */; };
		CEA5ADD92BD7902600B55013 /* Base in Resources */ = {isa = PBXBuildFile; fileRef = CEA5ADD82BD7902600B55013 /* Base */; };
		CEA5ADDB2BD7902800B55013 /* Assets.xcassets in Resources */ = {isa = PBXBuildFile; fileRef = CEA5ADDA2BD7902800B55013 /* Assets.xcassets */; };
		CEA5ADDE2BD7902800B55013 /* Base in Resources */ = {isa = PBXBuildFile; fileRef = CEA5ADDD2BD7902800B55013 /* Base */; };
/* End PBXBuildFile section */

/* Begin PBXFileReference section */
		CE1C2EBE2BDE751800D49105 /* Marker.json */ = {isa = PBXFileReference; fileEncoding = 4; lastKnownFileType = text.json; name = Marker.json; path = Assets.xcassets/Origin.arresourcegroup/Marker.json; sourceTree = "<group>"; };
		CE1C2EC42BDF23DC00D49105 /* AssetsDataDTO.swift */ = {isa = PBXFileReference; lastKnownFileType = sourcecode.swift; path = AssetsDataDTO.swift; sourceTree = "<group>"; };
		CE3801D62BDF33C9005F1F83 /* AssetDataGroup.swift */ = {isa = PBXFileReference; lastKnownFileType = sourcecode.swift; path = AssetDataGroup.swift; sourceTree = "<group>"; };
		CE3801DA2BDFB34C005F1F83 /* SCNNode+.swift */ = {isa = PBXFileReference; lastKnownFileType = sourcecode.swift; path = "SCNNode+.swift"; sourceTree = "<group>"; };
		CEA5ADCE2BD7902600B55013 /* Augmented-Reality-App.app */ = {isa = PBXFileReference; explicitFileType = wrapper.application; includeInIndex = 0; path = "Augmented-Reality-App.app"; sourceTree = BUILT_PRODUCTS_DIR; };
		CEA5ADD12BD7902600B55013 /* AppDelegate.swift */ = {isa = PBXFileReference; lastKnownFileType = sourcecode.swift; path = AppDelegate.swift; sourceTree = "<group>"; };
		CEA5ADD52BD7902600B55013 /* ViewController.swift */ = {isa = PBXFileReference; lastKnownFileType = sourcecode.swift; path = ViewController.swift; sourceTree = "<group>"; };
		CEA5ADD82BD7902600B55013 /* Base */ = {isa = PBXFileReference; lastKnownFileType = file.storyboard; name = Base; path = Base.lproj/Main.storyboard; sourceTree = "<group>"; };
		CEA5ADDA2BD7902800B55013 /* Assets.xcassets */ = {isa = PBXFileReference; lastKnownFileType = folder.assetcatalog; path = Assets.xcassets; sourceTree = "<group>"; };
		CEA5ADDD2BD7902800B55013 /* Base */ = {isa = PBXFileReference; lastKnownFileType = file.storyboard; name = Base; path = Base.lproj/LaunchScreen.storyboard; sourceTree = "<group>"; };
/* End PBXFileReference section */

/* Begin PBXFrameworksBuildPhase section */
		CEA5ADCB2BD7902600B55013 /* Frameworks */ = {
			isa = PBXFrameworksBuildPhase;
			buildActionMask = 2147483647;
			files = (
			);
			runOnlyForDeploymentPostprocessing = 0;
		};
/* End PBXFrameworksBuildPhase section */

/* Begin PBXGroup section */
		CEA5ADC52BD7902600B55013 = {
			isa = PBXGroup;
			children = (
				CEA5ADD02BD7902600B55013 /* Augmented-Reality-App */,
				CEA5ADCF2BD7902600B55013 /* Products */,
			);
			sourceTree = "<group>";
		};
		CEA5ADCF2BD7902600B55013 /* Products */ = {
			isa = PBXGroup;
			children = (
				CEA5ADCE2BD7902600B55013 /* Augmented-Reality-App.app */,
			);
			name = Products;
			sourceTree = "<group>";
		};
		CEA5ADD02BD7902600B55013 /* Augmented-Reality-App */ = {
			isa = PBXGroup;
			children = (
				CE1C2EBE2BDE751800D49105 /* Marker.json */,
				CEA5ADD12BD7902600B55013 /* AppDelegate.swift */,
				CE1C2EC42BDF23DC00D49105 /* AssetsDataDTO.swift */,
				CEA5ADD52BD7902600B55013 /* ViewController.swift */,
				CE3801DA2BDFB34C005F1F83 /* SCNNode+.swift */,
				CE3801D62BDF33C9005F1F83 /* AssetDataGroup.swift */,
				CEA5ADD72BD7902600B55013 /* Main.storyboard */,
				CEA5ADDA2BD7902800B55013 /* Assets.xcassets */,
				CEA5ADDC2BD7902800B55013 /* LaunchScreen.storyboard */,
			);
			path = "Augmented-Reality-App";
			sourceTree = "<group>";
		};
/* End PBXGroup section */

/* Begin PBXNativeTarget section */
		CEA5ADCD2BD7902600B55013 /* Augmented-Reality-App */ = {
			isa = PBXNativeTarget;
			buildConfigurationList = CEA5ADE12BD7902800B55013 /* Build configuration list for PBXNativeTarget "Augmented-Reality-App" */;
			buildPhases = (
				CEA5ADCA2BD7902600B55013 /* Sources */,
				CEA5ADCB2BD7902600B55013 /* Frameworks */,
				CEA5ADCC2BD7902600B55013 /* Resources */,
			);
			buildRules = (
			);
			dependencies = (
			);
			name = "Augmented-Reality-App";
			productName = "Augmented-Reality-App";
			productReference = CEA5ADCE2BD7902600B55013 /* Augmented-Reality-App.app */;
			productType = "com.apple.product-type.application";
		};
/* End PBXNativeTarget section */

/* Begin PBXProject section */
		CEA5ADC62BD7902600B55013 /* Project object */ = {
			isa = PBXProject;
			attributes = {
				BuildIndependentTargetsInParallel = 1;
				LastSwiftUpdateCheck = 1530;
				LastUpgradeCheck = 1530;
				TargetAttributes = {
					CEA5ADCD2BD7902600B55013 = {
						CreatedOnToolsVersion = 15.3;
					};
				};
			};
			buildConfigurationList = CEA5ADC92BD7902600B55013 /* Build configuration list for PBXProject "Augmented-Reality-App" */;
			compatibilityVersion = "Xcode 14.0";
			developmentRegion = en;
			hasScannedForEncodings = 0;
			knownRegions = (
				en,
				Base,
			);
			mainGroup = CEA5ADC52BD7902600B55013;
			productRefGroup = CEA5ADCF2BD7902600B55013 /* Products */;
			projectDirPath = "";
			projectRoot = "";
			targets = (
				CEA5ADCD2BD7902600B55013 /* Augmented-Reality-App */,
			);
		};
/* End PBXProject section */

/* Begin PBXResourcesBuildPhase section */
		CEA5ADCC2BD7902600B55013 /* Resources */ = {
			isa = PBXResourcesBuildPhase;
			buildActionMask = 2147483647;
			files = (
				CEA5ADDB2BD7902800B55013 /* Assets.xcassets in Resources */,
				CEA5ADD92BD7902600B55013 /* Base in Resources */,
				CEA5ADDE2BD7902800B55013 /* Base in Resources */,
				CE1C2EBF2BDE751800D49105 /* Marker.json in Resources */,
			);
			runOnlyForDeploymentPostprocessing = 0;
		};
/* End PBXResourcesBuildPhase section */

/* Begin PBXSourcesBuildPhase section */
		CEA5ADCA2BD7902600B55013 /* Sources */ = {
			isa = PBXSourcesBuildPhase;
			buildActionMask = 2147483647;
			files = (
				CEA5ADD62BD7902600B55013 /* ViewController.swift in Sources */,
				CE3801DB2BDFB34C005F1F83 /* SCNNode+.swift in Sources */,
				CE1C2EC52BDF23DC00D49105 /* AssetsDataDTO.swift in Sources */,
				CE3801D72BDF33C9005F1F83 /* AssetDataGroup.swift in Sources */,
				CEA5ADD22BD7902600B55013 /* AppDelegate.swift in Sources */,
			);
			runOnlyForDeploymentPostprocessing = 0;
		};
/* End PBXSourcesBuildPhase section */

/* Begin PBXVariantGroup section */
		CEA5ADD72BD7902600B55013 /* Main.storyboard */ = {
			isa = PBXVariantGroup;
			children = (
				CEA5ADD82BD7902600B55013 /* Base */,
			);
			name = Main.storyboard;
			sourceTree = "<group>";
		};
		CEA5ADDC2BD7902800B55013 /* LaunchScreen.storyboard */ = {
			isa = PBXVariantGroup;
			children = (
				CEA5ADDD2BD7902800B55013 /* Base */,
			);
			name = LaunchScreen.storyboard;
			sourceTree = "<group>";
		};
/* End PBXVariantGroup section */

/* Begin XCBuildConfiguration section */
		CEA5ADDF2BD7902800B55013 /* Debug */ = {
			isa = XCBuildConfiguration;
			buildSettings = {
				ALWAYS_SEARCH_USER_PATHS = NO;
				ASSETCATALOG_COMPILER_GENERATE_SWIFT_ASSET_SYMBOL_EXTENSIONS = YES;
				CLANG_ANALYZER_NONNULL = YES;
				CLANG_ANALYZER_NUMBER_OBJECT_CONVERSION = YES_AGGRESSIVE;
				CLANG_CXX_LANGUAGE_STANDARD = "gnu++20";
				CLANG_ENABLE_MODULES = YES;
				CLANG_ENABLE_OBJC_ARC = YES;
				CLANG_ENABLE_OBJC_WEAK = YES;
				CLANG_WARN_BLOCK_CAPTURE_AUTORELEASING = YES;
				CLANG_WARN_BOOL_CONVERSION = YES;
				CLANG_WARN_COMMA = YES;
				CLANG_WARN_CONSTANT_CONVERSION = YES;
				CLANG_WARN_DEPRECATED_OBJC_IMPLEMENTATIONS = YES;
				CLANG_WARN_DIRECT_OBJC_ISA_USAGE = YES_ERROR;
				CLANG_WARN_DOCUMENTATION_COMMENTS = YES;
				CLANG_WARN_EMPTY_BODY = YES;
				CLANG_WARN_ENUM_CONVERSION = YES;
				CLANG_WARN_INFINITE_RECURSION = YES;
				CLANG_WARN_INT_CONVERSION = YES;
				CLANG_WARN_NON_LITERAL_NULL_CONVERSION = YES;
				CLANG_WARN_OBJC_IMPLICIT_RETAIN_SELF = YES;
				CLANG_WARN_OBJC_LITERAL_CONVERSION = YES;
				CLANG_WARN_OBJC_ROOT_CLASS = YES_ERROR;
				CLANG_WARN_QUOTED_INCLUDE_IN_FRAMEWORK_HEADER = YES;
				CLANG_WARN_RANGE_LOOP_ANALYSIS = YES;
				CLANG_WARN_STRICT_PROTOTYPES = YES;
				CLANG_WARN_SUSPICIOUS_MOVE = YES;
				CLANG_WARN_UNGUARDED_AVAILABILITY = YES_AGGRESSIVE;
				CLANG_WARN_UNREACHABLE_CODE = YES;
				CLANG_WARN__DUPLICATE_METHOD_MATCH = YES;
				COPY_PHASE_STRIP = NO;
				DEBUG_INFORMATION_FORMAT = dwarf;
				ENABLE_STRICT_OBJC_MSGSEND = YES;
				ENABLE_TESTABILITY = YES;
				ENABLE_USER_SCRIPT_SANDBOXING = YES;
				GCC_C_LANGUAGE_STANDARD = gnu17;
				GCC_DYNAMIC_NO_PIC = NO;
				GCC_NO_COMMON_BLOCKS = YES;
				GCC_OPTIMIZATION_LEVEL = 0;
				GCC_PREPROCESSOR_DEFINITIONS = (
					"DEBUG=1",
					"$(inherited)",
				);
				GCC_WARN_64_TO_32_BIT_CONVERSION = YES;
				GCC_WARN_ABOUT_RETURN_TYPE = YES_ERROR;
				GCC_WARN_UNDECLARED_SELECTOR = YES;
				GCC_WARN_UNINITIALIZED_AUTOS = YES_AGGRESSIVE;
				GCC_WARN_UNUSED_FUNCTION = YES;
				GCC_WARN_UNUSED_VARIABLE = YES;
				IPHONEOS_DEPLOYMENT_TARGET = 17.4;
				LOCALIZATION_PREFERS_STRING_CATALOGS = YES;
				MTL_ENABLE_DEBUG_INFO = INCLUDE_SOURCE;
				MTL_FAST_MATH = YES;
				ONLY_ACTIVE_ARCH = YES;
				SDKROOT = iphoneos;
				SWIFT_ACTIVE_COMPILATION_CONDITIONS = "DEBUG $(inherited)";
				SWIFT_OPTIMIZATION_LEVEL = "-Onone";
			};
			name = Debug;
		};
		CEA5ADE02BD7902800B55013 /* Release */ = {
			isa = XCBuildConfiguration;
			buildSettings = {
				ALWAYS_SEARCH_USER_PATHS = NO;
				ASSETCATALOG_COMPILER_GENERATE_SWIFT_ASSET_SYMBOL_EXTENSIONS = YES;
				CLANG_ANALYZER_NONNULL = YES;
				CLANG_ANALYZER_NUMBER_OBJECT_CONVERSION = YES_AGGRESSIVE;
				CLANG_CXX_LANGUAGE_STANDARD = "gnu++20";
				CLANG_ENABLE_MODULES = YES;
				CLANG_ENABLE_OBJC_ARC = YES;
				CLANG_ENABLE_OBJC_WEAK = YES;
				CLANG_WARN_BLOCK_CAPTURE_AUTORELEASING = YES;
				CLANG_WARN_BOOL_CONVERSION = YES;
				CLANG_WARN_COMMA = YES;
				CLANG_WARN_CONSTANT_CONVERSION = YES;
				CLANG_WARN_DEPRECATED_OBJC_IMPLEMENTATIONS = YES;
				CLANG_WARN_DIRECT_OBJC_ISA_USAGE = YES_ERROR;
				CLANG_WARN_DOCUMENTATION_COMMENTS = YES;
				CLANG_WARN_EMPTY_BODY = YES;
				CLANG_WARN_ENUM_CONVERSION = YES;
				CLANG_WARN_INFINITE_RECURSION = YES;
				CLANG_WARN_INT_CONVERSION = YES;
				CLANG_WARN_NON_LITERAL_NULL_CONVERSION = YES;
				CLANG_WARN_OBJC_IMPLICIT_RETAIN_SELF = YES;
				CLANG_WARN_OBJC_LITERAL_CONVERSION = YES;
				CLANG_WARN_OBJC_ROOT_CLASS = YES_ERROR;
				CLANG_WARN_QUOTED_INCLUDE_IN_FRAMEWORK_HEADER = YES;
				CLANG_WARN_RANGE_LOOP_ANALYSIS = YES;
				CLANG_WARN_STRICT_PROTOTYPES = YES;
				CLANG_WARN_SUSPICIOUS_MOVE = YES;
				CLANG_WARN_UNGUARDED_AVAILABILITY = YES_AGGRESSIVE;
				CLANG_WARN_UNREACHABLE_CODE = YES;
				CLANG_WARN__DUPLICATE_METHOD_MATCH = YES;
				COPY_PHASE_STRIP = NO;
				DEBUG_INFORMATION_FORMAT = "dwarf-with-dsym";
				ENABLE_NS_ASSERTIONS = NO;
				ENABLE_STRICT_OBJC_MSGSEND = YES;
				ENABLE_USER_SCRIPT_SANDBOXING = YES;
				GCC_C_LANGUAGE_STANDARD = gnu17;
				GCC_NO_COMMON_BLOCKS = YES;
				GCC_WARN_64_TO_32_BIT_CONVERSION = YES;
				GCC_WARN_ABOUT_RETURN_TYPE = YES_ERROR;
				GCC_WARN_UNDECLARED_SELECTOR = YES;
				GCC_WARN_UNINITIALIZED_AUTOS = YES_AGGRESSIVE;
				GCC_WARN_UNUSED_FUNCTION = YES;
				GCC_WARN_UNUSED_VARIABLE = YES;
				IPHONEOS_DEPLOYMENT_TARGET = 17.4;
				LOCALIZATION_PREFERS_STRING_CATALOGS = YES;
				MTL_ENABLE_DEBUG_INFO = NO;
				MTL_FAST_MATH = YES;
				SDKROOT = iphoneos;
				SWIFT_COMPILATION_MODE = wholemodule;
				VALIDATE_PRODUCT = YES;
			};
			name = Release;
		};
		CEA5ADE22BD7902800B55013 /* Debug */ = {
			isa = XCBuildConfiguration;
			buildSettings = {
				ASSETCATALOG_COMPILER_APPICON_NAME = AppIcon;
				ASSETCATALOG_COMPILER_GLOBAL_ACCENT_COLOR_NAME = AccentColor;
				CODE_SIGN_STYLE = Automatic;
				CURRENT_PROJECT_VERSION = 1;
				DEVELOPMENT_TEAM = 3CHY8M792C;
				GENERATE_INFOPLIST_FILE = YES;
				INFOPLIST_KEY_NSCameraUsageDescription = "";
				INFOPLIST_KEY_UIApplicationSupportsIndirectInputEvents = YES;
				INFOPLIST_KEY_UILaunchStoryboardName = LaunchScreen;
				INFOPLIST_KEY_UIMainStoryboardFile = Main;
				INFOPLIST_KEY_UIRequiredDeviceCapabilities = arkit;
				INFOPLIST_KEY_UIStatusBarHidden = YES;
				INFOPLIST_KEY_UISupportedInterfaceOrientations_iPad = "UIInterfaceOrientationPortrait UIInterfaceOrientationPortraitUpsideDown UIInterfaceOrientationLandscapeLeft UIInterfaceOrientationLandscapeRight";
				INFOPLIST_KEY_UISupportedInterfaceOrientations_iPhone = "UIInterfaceOrientationPortrait UIInterfaceOrientationLandscapeLeft UIInterfaceOrientationLandscapeRight";
				IPHONEOS_DEPLOYMENT_TARGET = 15.0;
				LD_RUNPATH_SEARCH_PATHS = (
					"$(inherited)",
					"@executable_path/Frameworks",
				);
				MARKETING_VERSION = 1.0;
				PRODUCT_BUNDLE_IDENTIFIER = "NERO.Augmented-Reality-App";
				PRODUCT_NAME = "$(TARGET_NAME)";
				SWIFT_EMIT_LOC_STRINGS = YES;
				SWIFT_VERSION = 5.0;
				TARGETED_DEVICE_FAMILY = "1,2";
			};
			name = Debug;
		};
		CEA5ADE32BD7902800B55013 /* Release */ = {
			isa = XCBuildConfiguration;
			buildSettings = {
				ASSETCATALOG_COMPILER_APPICON_NAME = AppIcon;
				ASSETCATALOG_COMPILER_GLOBAL_ACCENT_COLOR_NAME = AccentColor;
				CODE_SIGN_STYLE = Automatic;
				CURRENT_PROJECT_VERSION = 1;
				DEVELOPMENT_TEAM = 3CHY8M792C;
				GENERATE_INFOPLIST_FILE = YES;
				INFOPLIST_KEY_NSCameraUsageDescription = "";
				INFOPLIST_KEY_UIApplicationSupportsIndirectInputEvents = YES;
				INFOPLIST_KEY_UILaunchStoryboardName = LaunchScreen;
				INFOPLIST_KEY_UIMainStoryboardFile = Main;
				INFOPLIST_KEY_UIRequiredDeviceCapabilities = arkit;
				INFOPLIST_KEY_UIStatusBarHidden = YES;
				INFOPLIST_KEY_UISupportedInterfaceOrientations_iPad = "UIInterfaceOrientationPortrait UIInterfaceOrientationPortraitUpsideDown UIInterfaceOrientationLandscapeLeft UIInterfaceOrientationLandscapeRight";
				INFOPLIST_KEY_UISupportedInterfaceOrientations_iPhone = "UIInterfaceOrientationPortrait UIInterfaceOrientationLandscapeLeft UIInterfaceOrientationLandscapeRight";
				IPHONEOS_DEPLOYMENT_TARGET = 15.0;
				LD_RUNPATH_SEARCH_PATHS = (
					"$(inherited)",
					"@executable_path/Frameworks",
				);
				MARKETING_VERSION = 1.0;
				PRODUCT_BUNDLE_IDENTIFIER = "NERO.Augmented-Reality-App";
				PRODUCT_NAME = "$(TARGET_NAME)";
				SWIFT_EMIT_LOC_STRINGS = YES;
				SWIFT_VERSION = 5.0;
				TARGETED_DEVICE_FAMILY = "1,2";
			};
			name = Release;
		};
/* End XCBuildConfiguration section */

/* Begin XCConfigurationList section */
		CEA5ADC92BD7902600B55013 /* Build configuration list for PBXProject "Augmented-Reality-App" */ = {
			isa = XCConfigurationList;
			buildConfigurations = (
				CEA5ADDF2BD7902800B55013 /* Debug */,
				CEA5ADE02BD7902800B55013 /* Release */,
			);
			defaultConfigurationIsVisible = 0;
			defaultConfigurationName = Release;
		};
		CEA5ADE12BD7902800B55013 /* Build configuration list for PBXNativeTarget "Augmented-Reality-App" */ = {
			isa = XCConfigurationList;
			buildConfigurations = (
				CEA5ADE22BD7902800B55013 /* Debug */,
				CEA5ADE32BD7902800B55013 /* Release */,
			);
			defaultConfigurationIsVisible = 0;
			defaultConfigurationName = Release;
		};
/* End XCConfigurationList section */
	};
	rootObject = CEA5ADC62BD7902600B55013 /* Project object */;
}
